
Microsoft Visual Studio Solution File, Format Version 12.00
# Visual Studio Version 17
VisualStudioVersion = 17.5.002.0
MinimumVisualStudioVersion = 10.0.40219.1
Project("{9A19103F-16F7-4668-BE54-9A1E7A4F7556}") = "oop_beginn01", "oop_beginn01.csproj", "{4BEFDCBE-CA41-45B5-BE85-7298FC11ACEC}"
EndProject
Project("{FAE04EC0-301F-11D3-BF4B-00C04F79EFBC}") = "UML_Graetzer", "..\UML_Graetzer\UML_Graetzer.csproj", "{2439E477-3B28-4F8F-9E54-9B19FFD356B5}"
EndProject
Project("{FAE04EC0-301F-11D3-BF4B-00C04F79EFBC}") = "Navigierbarkeit", "..\Navigierbarkeit\Navigierbarkeit.csproj", "{D90828BE-EB7F-48B0-9229-C5FA3771BB69}"
EndProject
Project("{FAE04EC0-301F-11D3-BF4B-00C04F79EFBC}") = "Aggregation", "..\Aggregation\Aggregation.csproj", "{6C084B1E-5D67-4BB3-AD11-DD70F8CCE92E}"
EndProject
Project("{FAE04EC0-301F-11D3-BF4B-00C04F79EFBC}") = "Vererbung01", "..\Vererbung01\Vererbung01.csproj", "{77C92317-5E98-487E-BB20-3A14E868F9DF}"
EndProject
Project("{FAE04EC0-301F-11D3-BF4B-00C04F79EFBC}") = "Vererbung02", "..\Vererbung02\Vererbung02.csproj", "{0605F257-4E71-4317-A906-403C4A8B7C1C}"
EndProject
Project("{FAE04EC0-301F-11D3-BF4B-00C04F79EFBC}") = "Interfaces01", "..\Interfaces01\Interfaces01.csproj", "{5EAF9221-DB01-4790-BEF5-D1CF3EE3E99E}"
EndProject
Global
	GlobalSection(SolutionConfigurationPlatforms) = preSolution
		Debug|Any CPU = Debug|Any CPU
		Release|Any CPU = Release|Any CPU
	EndGlobalSection
	GlobalSection(ProjectConfigurationPlatforms) = postSolution
		{4BEFDCBE-CA41-45B5-BE85-7298FC11ACEC}.Debug|Any CPU.ActiveCfg = Debug|Any CPU
		{4BEFDCBE-CA41-45B5-BE85-7298FC11ACEC}.Debug|Any CPU.Build.0 = Debug|Any CPU
		{4BEFDCBE-CA41-45B5-BE85-7298FC11ACEC}.Release|Any CPU.ActiveCfg = Release|Any CPU
		{4BEFDCBE-CA41-45B5-BE85-7298FC11ACEC}.Release|Any CPU.Build.0 = Release|Any CPU
		{2687BFB0-97FB-4E22-A2F9-6E03FB2DE53E}.Debug|Any CPU.ActiveCfg = Debug|Any CPU
		{2687BFB0-97FB-4E22-A2F9-6E03FB2DE53E}.Debug|Any CPU.Build.0 = Debug|Any CPU
		{2687BFB0-97FB-4E22-A2F9-6E03FB2DE53E}.Release|Any CPU.ActiveCfg = Release|Any CPU
		{2687BFB0-97FB-4E22-A2F9-6E03FB2DE53E}.Release|Any CPU.Build.0 = Release|Any CPU
		{2439E477-3B28-4F8F-9E54-9B19FFD356B5}.Debug|Any CPU.ActiveCfg = Debug|Any CPU
		{2439E477-3B28-4F8F-9E54-9B19FFD356B5}.Debug|Any CPU.Build.0 = Debug|Any CPU
		{2439E477-3B28-4F8F-9E54-9B19FFD356B5}.Release|Any CPU.ActiveCfg = Release|Any CPU
		{2439E477-3B28-4F8F-9E54-9B19FFD356B5}.Release|Any CPU.Build.0 = Release|Any CPU
		{D90828BE-EB7F-48B0-9229-C5FA3771BB69}.Debug|Any CPU.ActiveCfg = Debug|Any CPU
		{D90828BE-EB7F-48B0-9229-C5FA3771BB69}.Debug|Any CPU.Build.0 = Debug|Any CPU
		{D90828BE-EB7F-48B0-9229-C5FA3771BB69}.Release|Any CPU.ActiveCfg = Release|Any CPU
		{D90828BE-EB7F-48B0-9229-C5FA3771BB69}.Release|Any CPU.Build.0 = Release|Any CPU
		{6C084B1E-5D67-4BB3-AD11-DD70F8CCE92E}.Debug|Any CPU.ActiveCfg = Debug|Any CPU
		{6C084B1E-5D67-4BB3-AD11-DD70F8CCE92E}.Debug|Any CPU.Build.0 = Debug|Any CPU
		{6C084B1E-5D67-4BB3-AD11-DD70F8CCE92E}.Release|Any CPU.ActiveCfg = Release|Any CPU
		{6C084B1E-5D67-4BB3-AD11-DD70F8CCE92E}.Release|Any CPU.Build.0 = Release|Any CPU
		{77C92317-5E98-487E-BB20-3A14E868F9DF}.Debug|Any CPU.ActiveCfg = Debug|Any CPU
		{77C92317-5E98-487E-BB20-3A14E868F9DF}.Debug|Any CPU.Build.0 = Debug|Any CPU
		{77C92317-5E98-487E-BB20-3A14E868F9DF}.Release|Any CPU.ActiveCfg = Release|Any CPU
		{77C92317-5E98-487E-BB20-3A14E868F9DF}.Release|Any CPU.Build.0 = Release|Any CPU
		{0605F257-4E71-4317-A906-403C4A8B7C1C}.Debug|Any CPU.ActiveCfg = Debug|Any CPU
		{0605F257-4E71-4317-A906-403C4A8B7C1C}.Debug|Any CPU.Build.0 = Debug|Any CPU
		{0605F257-4E71-4317-A906-403C4A8B7C1C}.Release|Any CPU.ActiveCfg = Release|Any CPU
		{0605F257-4E71-4317-A906-403C4A8B7C1C}.Release|Any CPU.Build.0 = Release|Any CPU
		{5EAF9221-DB01-4790-BEF5-D1CF3EE3E99E}.Debug|Any CPU.ActiveCfg = Debug|Any CPU
		{5EAF9221-DB01-4790-BEF5-D1CF3EE3E99E}.Debug|Any CPU.Build.0 = Debug|Any CPU
		{5EAF9221-DB01-4790-BEF5-D1CF3EE3E99E}.Release|Any CPU.ActiveCfg = Release|Any CPU
		{5EAF9221-DB01-4790-BEF5-D1CF3EE3E99E}.Release|Any CPU.Build.0 = Release|Any CPU
	EndGlobalSection
	GlobalSection(SolutionProperties) = preSolution
		HideSolutionNode = FALSE
	EndGlobalSection
	GlobalSection(ExtensibilityGlobals) = postSolution
		SolutionGuid = {7CA3FC92-BBCC-4527-BFF3-D649776FDA0D}
	EndGlobalSection
EndGlobal
