
Microsoft Visual Studio Solution File, Format Version 12.00
# Visual Studio Version 17
VisualStudioVersion = 17.5.002.0
MinimumVisualStudioVersion = 10.0.40219.1
Project("{9A19103F-16F7-4668-BE54-9A1E7A4F7556}") = "oop_beginn01", "oop_beginn01.csproj", "{4BEFDCBE-CA41-45B5-BE85-7298FC11ACEC}"
EndProject
Project("{FAE04EC0-301F-11D3-BF4B-00C04F79EFBC}") = "UML_Graetzer", "..\UML_Graetzer\UML_Graetzer.csproj", "{2439E477-3B28-4F8F-9E54-9B19FFD356B5}"
EndProject
Project("{FAE04EC0-301F-11D3-BF4B-00C04F79EFBC}") = "Navigierbarkeit", "..\Navigierbarkeit\Navigierbarkeit.csproj", "{D90828BE-EB7F-48B0-9229-C5FA3771BB69}"
EndProject
Project("{FAE04EC0-301F-11D3-BF4B-00C04F79EFBC}") = "Aggregation", "..\Aggregation\Aggregation.csproj", "{6C084B1E-5D67-4BB3-AD11-DD70F8CCE92E}"
EndProject
Project("{FAE04EC0-301F-11D3-BF4B-00C04F79EFBC}") = "Vererbung01", "..\Vererbung01\Vererbung01.csproj", "{77C92317-5E98-487E-BB20-3A14E868F9DF}"
EndProject
Project("{FAE04EC0-301F-11D3-BF4B-00C04F79EFBC}") = "Vererbung02", "..\Vererbung02\Vererbung02.csproj", "{0605F257-4E71-4317-A906-403C4A8B7C1C}"
EndProject
Project("{FAE04EC0-301F-11D3-BF4B-00C04F79EFBC}") = "Interfaces01", "..\Interfaces01\Interfaces01.csproj", "{5EAF9221-DB01-4790-BEF5-D1CF3EE3E99E}"
EndProject
Project("{FAE04EC0-301F-11D3-BF4B-00C04F79EFBC}") = "UML_Interface", "..\UML_Interface\UML_Interface.csproj", "{AED8C638-C90C-496E-B30E-9F06F23023C6}"
EndProject
Project("{FAE04EC0-301F-11D3-BF4B-00C04F79EFBC}") = "Primzahl", "..\Primzahl\Primzahl.csproj", "{5533BE89-C8D3-4E93-8C4F-40159FF622EB}"
EndProject
Project("{FAE04EC0-301F-11D3-BF4B-00C04F79EFBC}") = "DisposableBsp", "..\DisposableBsp\DisposableBsp.csproj", "{3271CCFB-CB85-4EE6-A319-14E5EAD2E7F3}"
EndProject
Project("{FAE04EC0-301F-11D3-BF4B-00C04F79EFBC}") = "Delegate", "..\Delegate\Delegate.csproj", "{D7ADA00F-F747-4059-9849-DED5B742FE74}"
EndProject
Project("{FAE04EC0-301F-11D3-BF4B-00C04F79EFBC}") = "Delegaten01", "..\Delegaten01\Delegaten01.csproj", "{6E785FD1-E0B3-4360-9585-05C8239376BE}"
EndProject
Project("{FAE04EC0-301F-11D3-BF4B-00C04F79EFBC}") = "Delegaten02", "..\Delegaten02\Delegaten02.csproj", "{842A99FF-9442-4832-91A3-D1D065A72674}"
EndProject
Project("{FAE04EC0-301F-11D3-BF4B-00C04F79EFBC}") = "Primzahlen", "..\Primzahlen\Primzahlen.csproj", "{EE0270BE-E652-422B-97B5-0FE772C61FAD}"
EndProject
Project("{FAE04EC0-301F-11D3-BF4B-00C04F79EFBC}") = "Banknoten", "..\Banknoten\Banknoten.csproj", "{59C7F27E-7FCA-4534-ACF5-787E4CA7A1BA}"
EndProject
Project("{FAE04EC0-301F-11D3-BF4B-00C04F79EFBC}") = "XAMPP-Test", "..\XAMPP-Test\XAMPP-Test.csproj", "{5FCB02FC-39B9-479F-9899-066C15AB662A}"
EndProject
Project("{FAE04EC0-301F-11D3-BF4B-00C04F79EFBC}") = "VerzeichnisUeberwachung", "..\VerzeichnisUeberwachung\VerzeichnisUeberwachung.csproj", "{649CA352-6F10-422E-A067-C4F749181720}"
EndProject
Project("{FAE04EC0-301F-11D3-BF4B-00C04F79EFBC}") = "Mitarbeiterverwaltung", "..\Mitarbeiterverwaltung\Mitarbeiterverwaltung.csproj", "{F60F1AA9-D0CF-4B06-9EB3-657613A7D3E1}"
EndProject
Project("{FAE04EC0-301F-11D3-BF4B-00C04F79EFBC}") = "Rechnungsausgabe", "..\Rechnungsausgabe\Rechnungsausgabe.csproj", "{7EE795C9-C5A1-4EBD-B535-2BA47E28333B}"
EndProject
Project("{FAE04EC0-301F-11D3-BF4B-00C04F79EFBC}") = "Kreditkartennummer", "..\Kreditkartennummer\Kreditkartennummer.csproj", "{86D52732-652F-47C9-9B2F-ED65B10C839B}"
EndProject
Project("{FAE04EC0-301F-11D3-BF4B-00C04F79EFBC}") = "WebApi01", "..\WebApi01\WebApi01.csproj", "{0C4A20B5-EF5A-47AE-8020-6CBBED05088F}"
EndProject
Project("{FAE04EC0-301F-11D3-BF4B-00C04F79EFBC}") = "Darlehensformen", "..\Darlehensformen\Darlehensformen.csproj", "{844F8F32-7653-4A83-919F-2999DF4F0A2E}"
EndProject
Global
	GlobalSection(SolutionConfigurationPlatforms) = preSolution
		Debug|Any CPU = Debug|Any CPU
		Release|Any CPU = Release|Any CPU
	EndGlobalSection
	GlobalSection(ProjectConfigurationPlatforms) = postSolution
		{4BEFDCBE-CA41-45B5-BE85-7298FC11ACEC}.Debug|Any CPU.ActiveCfg = Debug|Any CPU
		{4BEFDCBE-CA41-45B5-BE85-7298FC11ACEC}.Debug|Any CPU.Build.0 = Debug|Any CPU
		{4BEFDCBE-CA41-45B5-BE85-7298FC11ACEC}.Release|Any CPU.ActiveCfg = Release|Any CPU
		{4BEFDCBE-CA41-45B5-BE85-7298FC11ACEC}.Release|Any CPU.Build.0 = Release|Any CPU
		{2687BFB0-97FB-4E22-A2F9-6E03FB2DE53E}.Debug|Any CPU.ActiveCfg = Debug|Any CPU
		{2687BFB0-97FB-4E22-A2F9-6E03FB2DE53E}.Debug|Any CPU.Build.0 = Debug|Any CPU
		{2687BFB0-97FB-4E22-A2F9-6E03FB2DE53E}.Release|Any CPU.ActiveCfg = Release|Any CPU
		{2687BFB0-97FB-4E22-A2F9-6E03FB2DE53E}.Release|Any CPU.Build.0 = Release|Any CPU
		{2439E477-3B28-4F8F-9E54-9B19FFD356B5}.Debug|Any CPU.ActiveCfg = Debug|Any CPU
		{2439E477-3B28-4F8F-9E54-9B19FFD356B5}.Debug|Any CPU.Build.0 = Debug|Any CPU
		{2439E477-3B28-4F8F-9E54-9B19FFD356B5}.Release|Any CPU.ActiveCfg = Release|Any CPU
		{2439E477-3B28-4F8F-9E54-9B19FFD356B5}.Release|Any CPU.Build.0 = Release|Any CPU
		{D90828BE-EB7F-48B0-9229-C5FA3771BB69}.Debug|Any CPU.ActiveCfg = Debug|Any CPU
		{D90828BE-EB7F-48B0-9229-C5FA3771BB69}.Debug|Any CPU.Build.0 = Debug|Any CPU
		{D90828BE-EB7F-48B0-9229-C5FA3771BB69}.Release|Any CPU.ActiveCfg = Release|Any CPU
		{D90828BE-EB7F-48B0-9229-C5FA3771BB69}.Release|Any CPU.Build.0 = Release|Any CPU
		{6C084B1E-5D67-4BB3-AD11-DD70F8CCE92E}.Debug|Any CPU.ActiveCfg = Debug|Any CPU
		{6C084B1E-5D67-4BB3-AD11-DD70F8CCE92E}.Debug|Any CPU.Build.0 = Debug|Any CPU
		{6C084B1E-5D67-4BB3-AD11-DD70F8CCE92E}.Release|Any CPU.ActiveCfg = Release|Any CPU
		{6C084B1E-5D67-4BB3-AD11-DD70F8CCE92E}.Release|Any CPU.Build.0 = Release|Any CPU
		{77C92317-5E98-487E-BB20-3A14E868F9DF}.Debug|Any CPU.ActiveCfg = Debug|Any CPU
		{77C92317-5E98-487E-BB20-3A14E868F9DF}.Debug|Any CPU.Build.0 = Debug|Any CPU
		{77C92317-5E98-487E-BB20-3A14E868F9DF}.Release|Any CPU.ActiveCfg = Release|Any CPU
		{77C92317-5E98-487E-BB20-3A14E868F9DF}.Release|Any CPU.Build.0 = Release|Any CPU
		{0605F257-4E71-4317-A906-403C4A8B7C1C}.Debug|Any CPU.ActiveCfg = Debug|Any CPU
		{0605F257-4E71-4317-A906-403C4A8B7C1C}.Debug|Any CPU.Build.0 = Debug|Any CPU
		{0605F257-4E71-4317-A906-403C4A8B7C1C}.Release|Any CPU.ActiveCfg = Release|Any CPU
		{0605F257-4E71-4317-A906-403C4A8B7C1C}.Release|Any CPU.Build.0 = Release|Any CPU
		{5EAF9221-DB01-4790-BEF5-D1CF3EE3E99E}.Debug|Any CPU.ActiveCfg = Debug|Any CPU
		{5EAF9221-DB01-4790-BEF5-D1CF3EE3E99E}.Debug|Any CPU.Build.0 = Debug|Any CPU
		{5EAF9221-DB01-4790-BEF5-D1CF3EE3E99E}.Release|Any CPU.ActiveCfg = Release|Any CPU
		{5EAF9221-DB01-4790-BEF5-D1CF3EE3E99E}.Release|Any CPU.Build.0 = Release|Any CPU
		{AED8C638-C90C-496E-B30E-9F06F23023C6}.Debug|Any CPU.ActiveCfg = Debug|Any CPU
		{AED8C638-C90C-496E-B30E-9F06F23023C6}.Debug|Any CPU.Build.0 = Debug|Any CPU
		{AED8C638-C90C-496E-B30E-9F06F23023C6}.Release|Any CPU.ActiveCfg = Release|Any CPU
		{AED8C638-C90C-496E-B30E-9F06F23023C6}.Release|Any CPU.Build.0 = Release|Any CPU
		{5533BE89-C8D3-4E93-8C4F-40159FF622EB}.Debug|Any CPU.ActiveCfg = Debug|Any CPU
		{5533BE89-C8D3-4E93-8C4F-40159FF622EB}.Debug|Any CPU.Build.0 = Debug|Any CPU
		{5533BE89-C8D3-4E93-8C4F-40159FF622EB}.Release|Any CPU.ActiveCfg = Release|Any CPU
		{5533BE89-C8D3-4E93-8C4F-40159FF622EB}.Release|Any CPU.Build.0 = Release|Any CPU
		{3271CCFB-CB85-4EE6-A319-14E5EAD2E7F3}.Debug|Any CPU.ActiveCfg = Debug|Any CPU
		{3271CCFB-CB85-4EE6-A319-14E5EAD2E7F3}.Debug|Any CPU.Build.0 = Debug|Any CPU
		{3271CCFB-CB85-4EE6-A319-14E5EAD2E7F3}.Release|Any CPU.ActiveCfg = Release|Any CPU
		{3271CCFB-CB85-4EE6-A319-14E5EAD2E7F3}.Release|Any CPU.Build.0 = Release|Any CPU
		{D7ADA00F-F747-4059-9849-DED5B742FE74}.Debug|Any CPU.ActiveCfg = Debug|Any CPU
		{D7ADA00F-F747-4059-9849-DED5B742FE74}.Debug|Any CPU.Build.0 = Debug|Any CPU
		{D7ADA00F-F747-4059-9849-DED5B742FE74}.Release|Any CPU.ActiveCfg = Release|Any CPU
		{D7ADA00F-F747-4059-9849-DED5B742FE74}.Release|Any CPU.Build.0 = Release|Any CPU
		{6E785FD1-E0B3-4360-9585-05C8239376BE}.Debug|Any CPU.ActiveCfg = Debug|Any CPU
		{6E785FD1-E0B3-4360-9585-05C8239376BE}.Debug|Any CPU.Build.0 = Debug|Any CPU
		{6E785FD1-E0B3-4360-9585-05C8239376BE}.Release|Any CPU.ActiveCfg = Release|Any CPU
		{6E785FD1-E0B3-4360-9585-05C8239376BE}.Release|Any CPU.Build.0 = Release|Any CPU
		{842A99FF-9442-4832-91A3-D1D065A72674}.Debug|Any CPU.ActiveCfg = Debug|Any CPU
		{842A99FF-9442-4832-91A3-D1D065A72674}.Debug|Any CPU.Build.0 = Debug|Any CPU
		{842A99FF-9442-4832-91A3-D1D065A72674}.Release|Any CPU.ActiveCfg = Release|Any CPU
		{842A99FF-9442-4832-91A3-D1D065A72674}.Release|Any CPU.Build.0 = Release|Any CPU
		{EE0270BE-E652-422B-97B5-0FE772C61FAD}.Debug|Any CPU.ActiveCfg = Debug|Any CPU
		{EE0270BE-E652-422B-97B5-0FE772C61FAD}.Debug|Any CPU.Build.0 = Debug|Any CPU
		{EE0270BE-E652-422B-97B5-0FE772C61FAD}.Release|Any CPU.ActiveCfg = Release|Any CPU
		{EE0270BE-E652-422B-97B5-0FE772C61FAD}.Release|Any CPU.Build.0 = Release|Any CPU
		{FD8CAB61-7081-488A-8975-7E2AFA5D96DB}.Debug|Any CPU.ActiveCfg = Debug|Any CPU
		{FD8CAB61-7081-488A-8975-7E2AFA5D96DB}.Debug|Any CPU.Build.0 = Debug|Any CPU
		{FD8CAB61-7081-488A-8975-7E2AFA5D96DB}.Release|Any CPU.ActiveCfg = Release|Any CPU
		{FD8CAB61-7081-488A-8975-7E2AFA5D96DB}.Release|Any CPU.Build.0 = Release|Any CPU
		{59C7F27E-7FCA-4534-ACF5-787E4CA7A1BA}.Debug|Any CPU.ActiveCfg = Debug|Any CPU
		{59C7F27E-7FCA-4534-ACF5-787E4CA7A1BA}.Debug|Any CPU.Build.0 = Debug|Any CPU
		{59C7F27E-7FCA-4534-ACF5-787E4CA7A1BA}.Release|Any CPU.ActiveCfg = Release|Any CPU
		{59C7F27E-7FCA-4534-ACF5-787E4CA7A1BA}.Release|Any CPU.Build.0 = Release|Any CPU
		{5FCB02FC-39B9-479F-9899-066C15AB662A}.Debug|Any CPU.ActiveCfg = Debug|Any CPU
		{5FCB02FC-39B9-479F-9899-066C15AB662A}.Debug|Any CPU.Build.0 = Debug|Any CPU
		{5FCB02FC-39B9-479F-9899-066C15AB662A}.Release|Any CPU.ActiveCfg = Release|Any CPU
		{5FCB02FC-39B9-479F-9899-066C15AB662A}.Release|Any CPU.Build.0 = Release|Any CPU
		{649CA352-6F10-422E-A067-C4F749181720}.Debug|Any CPU.ActiveCfg = Debug|Any CPU
		{649CA352-6F10-422E-A067-C4F749181720}.Debug|Any CPU.Build.0 = Debug|Any CPU
		{649CA352-6F10-422E-A067-C4F749181720}.Release|Any CPU.ActiveCfg = Release|Any CPU
		{649CA352-6F10-422E-A067-C4F749181720}.Release|Any CPU.Build.0 = Release|Any CPU
		{F60F1AA9-D0CF-4B06-9EB3-657613A7D3E1}.Debug|Any CPU.ActiveCfg = Debug|Any CPU
		{F60F1AA9-D0CF-4B06-9EB3-657613A7D3E1}.Debug|Any CPU.Build.0 = Debug|Any CPU
		{F60F1AA9-D0CF-4B06-9EB3-657613A7D3E1}.Release|Any CPU.ActiveCfg = Release|Any CPU
		{F60F1AA9-D0CF-4B06-9EB3-657613A7D3E1}.Release|Any CPU.Build.0 = Release|Any CPU
		{7EE795C9-C5A1-4EBD-B535-2BA47E28333B}.Debug|Any CPU.ActiveCfg = Debug|Any CPU
		{7EE795C9-C5A1-4EBD-B535-2BA47E28333B}.Debug|Any CPU.Build.0 = Debug|Any CPU
		{7EE795C9-C5A1-4EBD-B535-2BA47E28333B}.Release|Any CPU.ActiveCfg = Release|Any CPU
		{7EE795C9-C5A1-4EBD-B535-2BA47E28333B}.Release|Any CPU.Build.0 = Release|Any CPU
		{86D52732-652F-47C9-9B2F-ED65B10C839B}.Debug|Any CPU.ActiveCfg = Debug|Any CPU
		{86D52732-652F-47C9-9B2F-ED65B10C839B}.Debug|Any CPU.Build.0 = Debug|Any CPU
		{86D52732-652F-47C9-9B2F-ED65B10C839B}.Release|Any CPU.ActiveCfg = Release|Any CPU
		{86D52732-652F-47C9-9B2F-ED65B10C839B}.Release|Any CPU.Build.0 = Release|Any CPU
		{0C4A20B5-EF5A-47AE-8020-6CBBED05088F}.Debug|Any CPU.ActiveCfg = Debug|Any CPU
		{0C4A20B5-EF5A-47AE-8020-6CBBED05088F}.Debug|Any CPU.Build.0 = Debug|Any CPU
		{0C4A20B5-EF5A-47AE-8020-6CBBED05088F}.Release|Any CPU.ActiveCfg = Release|Any CPU
		{0C4A20B5-EF5A-47AE-8020-6CBBED05088F}.Release|Any CPU.Build.0 = Release|Any CPU
		{844F8F32-7653-4A83-919F-2999DF4F0A2E}.Debug|Any CPU.ActiveCfg = Debug|Any CPU
		{844F8F32-7653-4A83-919F-2999DF4F0A2E}.Debug|Any CPU.Build.0 = Debug|Any CPU
		{844F8F32-7653-4A83-919F-2999DF4F0A2E}.Release|Any CPU.ActiveCfg = Release|Any CPU
		{844F8F32-7653-4A83-919F-2999DF4F0A2E}.Release|Any CPU.Build.0 = Release|Any CPU
	EndGlobalSection
	GlobalSection(SolutionProperties) = preSolution
		HideSolutionNode = FALSE
	EndGlobalSection
	GlobalSection(ExtensibilityGlobals) = postSolution
		SolutionGuid = {7CA3FC92-BBCC-4527-BFF3-D649776FDA0D}
	EndGlobalSection
EndGlobal
