
Microsoft Visual Studio Solution File, Format Version 12.00
# Visual Studio Version 17
VisualStudioVersion = 17.11.35303.130
MinimumVisualStudioVersion = 10.0.40219.1
Project("{FAE04EC0-301F-11D3-BF4B-00C04F79EFBC}") = "threads03_parallel-forEach", "threads03_parallel-forEach.csproj", "{9544EBCC-3932-43B0-8E48-90FF6D4B2ABD}"
EndProject
Global
	GlobalSection(SolutionConfigurationPlatforms) = preSolution
		Debug|Any CPU = Debug|Any CPU
		Release|Any CPU = Release|Any CPU
	EndGlobalSection
	GlobalSection(ProjectConfigurationPlatforms) = postSolution
		{9544EBCC-3932-43B0-8E48-90FF6D4B2ABD}.Debug|Any CPU.ActiveCfg = Debug|Any CPU
		{9544EBCC-3932-43B0-8E48-90FF6D4B2ABD}.Debug|Any CPU.Build.0 = Debug|Any CPU
		{9544EBCC-3932-43B0-8E48-90FF6D4B2ABD}.Release|Any CPU.ActiveCfg = Release|Any CPU
		{9544EBCC-3932-43B0-8E48-90FF6D4B2ABD}.Release|Any CPU.Build.0 = Release|Any CPU
	EndGlobalSection
	GlobalSection(SolutionProperties) = preSolution
		HideSolutionNode = FALSE
	EndGlobalSection
	GlobalSection(ExtensibilityGlobals) = postSolution
		SolutionGuid = {D1B2A97B-662C-41F8-A514-0F31CAFD1FFC}
	EndGlobalSection
EndGlobal
