{
  "name": "php_test",
  "version": "1.0.0",
  "lockfileVersion": 3,
  "requires": true,
  "packages": {
    "": {
      "name": "php_test",
      "version": "1.0.0",
      "dependencies": {
        "datatables.net-dt": "^2.1.5"
      }
    },
    "node_modules/datatables.net": {
      "version": "2.1.5",
      "resolved": "https://registry.npmjs.org/datatables.net/-/datatables.net-2.1.5.tgz",
      "integrity": "sha512-DgbQaVmT4GuQJ2DzGRt3lNAep++iuM8/Xbr3QIrWQwE7JnZPMSOaAtKFCqkE8HnDIr18jByY6tMy0Sb6atbGqw==",
      "license": "MIT",
      "dependencies": {
        "jquery": ">=1.7"
      }
    },
    "node_modules/datatables.net-dt": {
      "version": "2.1.5",
      "resolved": "https://registry.npmjs.org/datatables.net-dt/-/datatables.net-dt-2.1.5.tgz",
      "integrity": "sha512-iwFYfuo03oXZbfMEZGl8MH48gIcDRsoYo+rCHe4zDik50bfCxINjE6D6bfb1SJdsiNT11sdzB2TOTcKRZ7pN0Q==",
      "license": "MIT",
      "dependencies": {
        "datatables.net": "2.1.5",
        "jquery": ">=1.7"
      }
    },
    "node_modules/jquery": {
      "version": "3.7.1",
      "resolved": "https://registry.npmjs.org/jquery/-/jquery-3.7.1.tgz",
      "integrity": "sha512-m4avr8yL8kmFN8psrbFFFmB/If14iN5o9nw/NgnnM+kybDJpRsAynV2BsfpTYrTRysYUdADVD7CkUUizgkpLfg==",
      "license": "MIT"
    }
  }
}
