
Microsoft Visual Studio Solution File, Format Version 12.00
# Visual Studio Version 17
VisualStudioVersion = 17.11.35303.130
MinimumVisualStudioVersion = 10.0.40219.1
Project("{FAE04EC0-301F-11D3-BF4B-00C04F79EFBC}") = "threads03_parallel_break-stop", "threads03_parallel_break-stop.csproj", "{D17E954E-CEA8-41A8-8879-0FB09EA566D2}"
EndProject
Global
	GlobalSection(SolutionConfigurationPlatforms) = preSolution
		Debug|Any CPU = Debug|Any CPU
		Release|Any CPU = Release|Any CPU
	EndGlobalSection
	GlobalSection(ProjectConfigurationPlatforms) = postSolution
		{D17E954E-CEA8-41A8-8879-0FB09EA566D2}.Debug|Any CPU.ActiveCfg = Debug|Any CPU
		{D17E954E-CEA8-41A8-8879-0FB09EA566D2}.Debug|Any CPU.Build.0 = Debug|Any CPU
		{D17E954E-CEA8-41A8-8879-0FB09EA566D2}.Release|Any CPU.ActiveCfg = Release|Any CPU
		{D17E954E-CEA8-41A8-8879-0FB09EA566D2}.Release|Any CPU.Build.0 = Release|Any CPU
	EndGlobalSection
	GlobalSection(SolutionProperties) = preSolution
		HideSolutionNode = FALSE
	EndGlobalSection
	GlobalSection(ExtensibilityGlobals) = postSolution
		SolutionGuid = {69D2B04B-5086-4350-8C6D-F96855BE0DD3}
	EndGlobalSection
EndGlobal
